// !$*UTF8*$!
{
	archiveVersion = 1;
	classes = {
	};
	objectVersion = 46;
	objects = {

/* Begin PBXBuildFile section */
		B605ED871EE409B400311CFD /* sampleTableViewCell.swift in Sources */ = {isa = PBXBuildFile; fileRef = B605ED851EE409B400311CFD /* sampleTableViewCell.swift */; };
		B605ED881EE409B400311CFD /* sampleTableViewCell.xib in Resources */ = {isa = PBXBuildFile; fileRef = B605ED861EE409B400311CFD /* sampleTableViewCell.xib */; };
		B605ED8A1EE40E8300311CFD /* cellImage.jpg in Resources */ = {isa = PBXBuildFile; fileRef = B605ED891EE40E8300311CFD /* cellImage.jpg */; };
		B6B1D3571EE27E1C00BCDD14 /* AppDelegate.swift in Sources */ = {isa = PBXBuildFile; fileRef = B6B1D3561EE27E1C00BCDD14 /* AppDelegate.swift */; };
		B6B1D3591EE27E1C00BCDD14 /* ViewController.swift in Sources */ = {isa = PBXBuildFile; fileRef = B6B1D3581EE27E1C00BCDD14 /* ViewController.swift */; };
		B6B1D35C1EE27E1C00BCDD14 /* Main.storyboard in Resources */ = {isa = PBXBuildFile; fileRef = B6B1D35A1EE27E1C00BCDD14 /* Main.storyboard */; };
		B6B1D35F1EE27E1C00BCDD14 /* tableViewSample.xcdatamodeld in Sources */ = {isa = PBXBuildFile; fileRef = B6B1D35D1EE27E1C00BCDD14 /* tableViewSample.xcdatamodeld */; };
		B6B1D3611EE27E1C00BCDD14 /* Assets.xcassets in Resources */ = {isa = PBXBuildFile; fileRef = B6B1D3601EE27E1C00BCDD14 /* Assets.xcassets */; };
		B6B1D3641EE27E1C00BCDD14 /* LaunchScreen.storyboard in Resources */ = {isa = PBXBuildFile; fileRef = B6B1D3621EE27E1C00BCDD14 /* LaunchScreen.storyboard */; };
/* End PBXBuildFile section */

/* Begin PBXFileReference section */
		B605ED851EE409B400311CFD /* sampleTableViewCell.swift */ = {isa = PBXFileReference; fileEncoding = 4; lastKnownFileType = sourcecode.swift; path = sampleTableViewCell.swift; sourceTree = "<group>"; };
		B605ED861EE409B400311CFD /* sampleTableViewCell.xib */ = {isa = PBXFileReference; fileEncoding = 4; lastKnownFileType = file.xib; path = sampleTableViewCell.xib; sourceTree = "<group>"; };
		B605ED891EE40E8300311CFD /* cellImage.jpg */ = {isa = PBXFileReference; lastKnownFileType = image.jpeg; path = cellImage.jpg; sourceTree = "<group>"; };
		B6B1D3531EE27E1C00BCDD14 /* tableViewSample.app */ = {isa = PBXFileReference; explicitFileType = wrapper.application; includeInIndex = 0; path = tableViewSample.app; sourceTree = BUILT_PRODUCTS_DIR; };
		B6B1D3561EE27E1C00BCDD14 /* AppDelegate.swift */ = {isa = PBXFileReference; lastKnownFileType = sourcecode.swift; path = AppDelegate.swift; sourceTree = "<group>"; };
		B6B1D3581EE27E1C00BCDD14 /* ViewController.swift */ = {isa = PBXFileReference; lastKnownFileType = sourcecode.swift; path = ViewController.swift; sourceTree = "<group>"; };
		B6B1D35B1EE27E1C00BCDD14 /* Base */ = {isa = PBXFileReference; lastKnownFileType = file.storyboard; name = Base; path = Base.lproj/Main.storyboard; sourceTree = "<group>"; };
		B6B1D35E1EE27E1C00BCDD14 /* tableViewSample.xcdatamodel */ = {isa = PBXFileReference; lastKnownFileType = wrapper.xcdatamodel; path = tableViewSample.xcdatamodel; sourceTree = "<group>"; };
		B6B1D3601EE27E1C00BCDD14 /* Assets.xcassets */ = {isa = PBXFileReference; lastKnownFileType = folder.assetcatalog; path = Assets.xcassets; sourceTree = "<group>"; };
		B6B1D3631EE27E1C00BCDD14 /* Base */ = {isa = PBXFileReference; lastKnownFileType = file.storyboard; name = Base; path = Base.lproj/LaunchScreen.storyboard; sourceTree = "<group>"; };
		B6B1D3651EE27E1C00BCDD14 /* Info.plist */ = {isa = PBXFileReference; lastKnownFileType = text.plist.xml; path = Info.plist; sourceTree = "<group>"; };
/* End PBXFileReference section */

/* Begin PBXFrameworksBuildPhase section */
		B6B1D3501EE27E1C00BCDD14 /* Frameworks */ = {
			isa = PBXFrameworksBuildPhase;
			buildActionMask = 2147483647;
			files = (
			);
			runOnlyForDeploymentPostprocessing = 0;
		};
/* End PBXFrameworksBuildPhase section */

/* Begin PBXGroup section */
		B6B1D34A1EE27E1C00BCDD14 = {
			isa = PBXGroup;
			children = (
				B6B1D3551EE27E1C00BCDD14 /* tableViewSample */,
				B6B1D3541EE27E1C00BCDD14 /* Products */,
			);
			sourceTree = "<group>";
		};
		B6B1D3541EE27E1C00BCDD14 /* Products */ = {
			isa = PBXGroup;
			children = (
				B6B1D3531EE27E1C00BCDD14 /* tableViewSample.app */,
			);
			name = Products;
			sourceTree = "<group>";
		};
		B6B1D3551EE27E1C00BCDD14 /* tableViewSample */ = {
			isa = PBXGroup;
			children = (
				B605ED891EE40E8300311CFD /* cellImage.jpg */,
				B6B1D3561EE27E1C00BCDD14 /* AppDelegate.swift */,
				B6B1D3581EE27E1C00BCDD14 /* ViewController.swift */,
				B6B1D35A1EE27E1C00BCDD14 /* Main.storyboard */,
				B605ED851EE409B400311CFD /* sampleTableViewCell.swift */,
				B605ED861EE409B400311CFD /* sampleTableViewCell.xib */,
				B6B1D3601EE27E1C00BCDD14 /* Assets.xcassets */,
				B6B1D3621EE27E1C00BCDD14 /* LaunchScreen.storyboard */,
				B6B1D3651EE27E1C00BCDD14 /* Info.plist */,
				B6B1D35D1EE27E1C00BCDD14 /* tableViewSample.xcdatamodeld */,
			);
			path = tableViewSample;
			sourceTree = "<group>";
		};
/* End PBXGroup section */

/* Begin PBXNativeTarget section */
		B6B1D3521EE27E1C00BCDD14 /* tableViewSample */ = {
			isa = PBXNativeTarget;
			buildConfigurationList = B6B1D3681EE27E1C00BCDD14 /* Build configuration list for PBXNativeTarget "tableViewSample" */;
			buildPhases = (
				B6B1D34F1EE27E1C00BCDD14 /* Sources */,
				B6B1D3501EE27E1C00BCDD14 /* Frameworks */,
				B6B1D3511EE27E1C00BCDD14 /* Resources */,
			);
			buildRules = (
			);
			dependencies = (
			);
			name = tableViewSample;
			productName = tableViewSample;
			productReference = B6B1D3531EE27E1C00BCDD14 /* tableViewSample.app */;
			productType = "com.apple.product-type.application";
		};
/* End PBXNativeTarget section */

/* Begin PBXProject section */
		B6B1D34B1EE27E1C00BCDD14 /* Project object */ = {
			isa = PBXProject;
			attributes = {
				LastSwiftUpdateCheck = 0830;
				LastUpgradeCheck = 0830;
				ORGANIZATIONNAME = "Shigeru Suzuki";
				TargetAttributes = {
					B6B1D3521EE27E1C00BCDD14 = {
						CreatedOnToolsVersion = 8.3.2;
						DevelopmentTeam = 9BA693QNQ5;
						ProvisioningStyle = Automatic;
					};
				};
			};
			buildConfigurationList = B6B1D34E1EE27E1C00BCDD14 /* Build configuration list for PBXProject "tableViewSample" */;
			compatibilityVersion = "Xcode 3.2";
			developmentRegion = English;
			hasScannedForEncodings = 0;
			knownRegions = (
				en,
				Base,
			);
			mainGroup = B6B1D34A1EE27E1C00BCDD14;
			productRefGroup = B6B1D3541EE27E1C00BCDD14 /* Products */;
			projectDirPath = "";
			projectRoot = "";
			targets = (
				B6B1D3521EE27E1C00BCDD14 /* tableViewSample */,
			);
		};
/* End PBXProject section */

/* Begin PBXResourcesBuildPhase section */
		B6B1D3511EE27E1C00BCDD14 /* Resources */ = {
			isa = PBXResourcesBuildPhase;
			buildActionMask = 2147483647;
			files = (
				B6B1D3641EE27E1C00BCDD14 /* LaunchScreen.storyboard in Resources */,
				B605ED881EE409B400311CFD /* sampleTableViewCell.xib in Resources */,
				B6B1D3611EE27E1C00BCDD14 /* Assets.xcassets in Resources */,
				B605ED8A1EE40E8300311CFD /* cellImage.jpg in Resources */,
				B6B1D35C1EE27E1C00BCDD14 /* Main.storyboard in Resources */,
			);
			runOnlyForDeploymentPostprocessing = 0;
		};
/* End PBXResourcesBuildPhase section */

/* Begin PBXSourcesBuildPhase section */
		B6B1D34F1EE27E1C00BCDD14 /* Sources */ = {
			isa = PBXSourcesBuildPhase;
			buildActionMask = 2147483647;
			files = (
				B6B1D3591EE27E1C00BCDD14 /* ViewController.swift in Sources */,
				B605ED871EE409B400311CFD /* sampleTableViewCell.swift in Sources */,
				B6B1D3571EE27E1C00BCDD14 /* AppDelegate.swift in Sources */,
				B6B1D35F1EE27E1C00BCDD14 /* tableViewSample.xcdatamodeld in Sources */,
			);
			runOnlyForDeploymentPostprocessing = 0;
		};
/* End PBXSourcesBuildPhase section */

/* Begin PBXVariantGroup section */
		B6B1D35A1EE27E1C00BCDD14 /* Main.storyboard */ = {
			isa = PBXVariantGroup;
			children = (
				B6B1D35B1EE27E1C00BCDD14 /* Base */,
			);
			name = Main.storyboard;
			sourceTree = "<group>";
		};
		B6B1D3621EE27E1C00BCDD14 /* LaunchScreen.storyboard */ = {
			isa = PBXVariantGroup;
			children = (
				B6B1D3631EE27E1C00BCDD14 /* Base */,
			);
			name = LaunchScreen.storyboard;
			sourceTree = "<group>";
		};
/* End PBXVariantGroup section */

/* Begin XCBuildConfiguration section */
		B6B1D3661EE27E1C00BCDD14 /* Debug */ = {
			isa = XCBuildConfiguration;
			buildSettings = {
				ALWAYS_SEARCH_USER_PATHS = NO;
				CLANG_ANALYZER_NONNULL = YES;
				CLANG_ANALYZER_NUMBER_OBJECT_CONVERSION = YES_AGGRESSIVE;
				CLANG_CXX_LANGUAGE_STANDARD = "gnu++0x";
				CLANG_CXX_LIBRARY = "libc++";
				CLANG_ENABLE_MODULES = YES;
				CLANG_ENABLE_OBJC_ARC = YES;
				CLANG_WARN_BOOL_CONVERSION = YES;
				CLANG_WARN_CONSTANT_CONVERSION = YES;
				CLANG_WARN_DIRECT_OBJC_ISA_USAGE = YES_ERROR;
				CLANG_WARN_DOCUMENTATION_COMMENTS = YES;
				CLANG_WARN_EMPTY_BODY = YES;
				CLANG_WARN_ENUM_CONVERSION = YES;
				CLANG_WARN_INFINITE_RECURSION = YES;
				CLANG_WARN_INT_CONVERSION = YES;
				CLANG_WARN_OBJC_ROOT_CLASS = YES_ERROR;
				CLANG_WARN_SUSPICIOUS_MOVE = YES;
				CLANG_WARN_UNREACHABLE_CODE = YES;
				CLANG_WARN__DUPLICATE_METHOD_MATCH = YES;
				"CODE_SIGN_IDENTITY[sdk=iphoneos*]" = "iPhone Developer";
				COPY_PHASE_STRIP = NO;
				DEBUG_INFORMATION_FORMAT = dwarf;
				ENABLE_STRICT_OBJC_MSGSEND = YES;
				ENABLE_TESTABILITY = YES;
				GCC_C_LANGUAGE_STANDARD = gnu99;
				GCC_DYNAMIC_NO_PIC = NO;
				GCC_NO_COMMON_BLOCKS = YES;
				GCC_OPTIMIZATION_LEVEL = 0;
				GCC_PREPROCESSOR_DEFINITIONS = (
					"DEBUG=1",
					"$(inherited)",
				);
				GCC_WARN_64_TO_32_BIT_CONVERSION = YES;
				GCC_WARN_ABOUT_RETURN_TYPE = YES_ERROR;
				GCC_WARN_UNDECLARED_SELECTOR = YES;
				GCC_WARN_UNINITIALIZED_AUTOS = YES_AGGRESSIVE;
				GCC_WARN_UNUSED_FUNCTION = YES;
				GCC_WARN_UNUSED_VARIABLE = YES;
				IPHONEOS_DEPLOYMENT_TARGET = 10.3;
				MTL_ENABLE_DEBUG_INFO = YES;
				ONLY_ACTIVE_ARCH = YES;
				SDKROOT = iphoneos;
				SWIFT_ACTIVE_COMPILATION_CONDITIONS = DEBUG;
				SWIFT_OPTIMIZATION_LEVEL = "-Onone";
				TARGETED_DEVICE_FAMILY = "1,2";
			};
			name = Debug;
		};
		B6B1D3671EE27E1C00BCDD14 /* Release */ = {
			isa = XCBuildConfiguration;
			buildSettings = {
				ALWAYS_SEARCH_USER_PATHS = NO;
				CLANG_ANALYZER_NONNULL = YES;
				CLANG_ANALYZER_NUMBER_OBJECT_CONVERSION = YES_AGGRESSIVE;
				CLANG_CXX_LANGUAGE_STANDARD = "gnu++0x";
				CLANG_CXX_LIBRARY = "libc++";
				CLANG_ENABLE_MODULES = YES;
				CLANG_ENABLE_OBJC_ARC = YES;
				CLANG_WARN_BOOL_CONVERSION = YES;
				CLANG_WARN_CONSTANT_CONVERSION = YES;
				CLANG_WARN_DIRECT_OBJC_ISA_USAGE = YES_ERROR;
				CLANG_WARN_DOCUMENTATION_COMMENTS = YES;
				CLANG_WARN_EMPTY_BODY = YES;
				CLANG_WARN_ENUM_CONVERSION = YES;
				CLANG_WARN_INFINITE_RECURSION = YES;
				CLANG_WARN_INT_CONVERSION = YES;
				CLANG_WARN_OBJC_ROOT_CLASS = YES_ERROR;
				CLANG_WARN_SUSPICIOUS_MOVE = YES;
				CLANG_WARN_UNREACHABLE_CODE = YES;
				CLANG_WARN__DUPLICATE_METHOD_MATCH = YES;
				"CODE_SIGN_IDENTITY[sdk=iphoneos*]" = "iPhone Developer";
				COPY_PHASE_STRIP = NO;
				DEBUG_INFORMATION_FORMAT = "dwarf-with-dsym";
				ENABLE_NS_ASSERTIONS = NO;
				ENABLE_STRICT_OBJC_MSGSEND = YES;
				GCC_C_LANGUAGE_STANDARD = gnu99;
				GCC_NO_COMMON_BLOCKS = YES;
				GCC_WARN_64_TO_32_BIT_CONVERSION = YES;
				GCC_WARN_ABOUT_RETURN_TYPE = YES_ERROR;
				GCC_WARN_UNDECLARED_SELECTOR = YES;
				GCC_WARN_UNINITIALIZED_AUTOS = YES_AGGRESSIVE;
				GCC_WARN_UNUSED_FUNCTION = YES;
				GCC_WARN_UNUSED_VARIABLE = YES;
				IPHONEOS_DEPLOYMENT_TARGET = 10.3;
				MTL_ENABLE_DEBUG_INFO = NO;
				SDKROOT = iphoneos;
				SWIFT_OPTIMIZATION_LEVEL = "-Owholemodule";
				TARGETED_DEVICE_FAMILY = "1,2";
				VALIDATE_PRODUCT = YES;
			};
			name = Release;
		};
		B6B1D3691EE27E1C00BCDD14 /* Debug */ = {
			isa = XCBuildConfiguration;
			buildSettings = {
				ASSETCATALOG_COMPILER_APPICON_NAME = AppIcon;
				DEVELOPMENT_TEAM = 9BA693QNQ5;
				INFOPLIST_FILE = tableViewSample/Info.plist;
				LD_RUNPATH_SEARCH_PATHS = "$(inherited) @executable_path/Frameworks";
				PRODUCT_BUNDLE_IDENTIFIER = com.shiiiiigeeeee10.tableViewSample;
				PRODUCT_NAME = "$(TARGET_NAME)";
				SWIFT_VERSION = 3.0;
			};
			name = Debug;
		};
		B6B1D36A1EE27E1C00BCDD14 /* Release */ = {
			isa = XCBuildConfiguration;
			buildSettings = {
				ASSETCATALOG_COMPILER_APPICON_NAME = AppIcon;
				DEVELOPMENT_TEAM = 9BA693QNQ5;
				INFOPLIST_FILE = tableViewSample/Info.plist;
				LD_RUNPATH_SEARCH_PATHS = "$(inherited) @executable_path/Frameworks";
				PRODUCT_BUNDLE_IDENTIFIER = com.shiiiiigeeeee10.tableViewSample;
				PRODUCT_NAME = "$(TARGET_NAME)";
				SWIFT_VERSION = 3.0;
			};
			name = Release;
		};
/* End XCBuildConfiguration section */

/* Begin XCConfigurationList section */
		B6B1D34E1EE27E1C00BCDD14 /* Build configuration list for PBXProject "tableViewSample" */ = {
			isa = XCConfigurationList;
			buildConfigurations = (
				B6B1D3661EE27E1C00BCDD14 /* Debug */,
				B6B1D3671EE27E1C00BCDD14 /* Release */,
			);
			defaultConfigurationIsVisible = 0;
			defaultConfigurationName = Release;
		};
		B6B1D3681EE27E1C00BCDD14 /* Build configuration list for PBXNativeTarget "tableViewSample" */ = {
			isa = XCConfigurationList;
			buildConfigurations = (
				B6B1D3691EE27E1C00BCDD14 /* Debug */,
				B6B1D36A1EE27E1C00BCDD14 /* Release */,
			);
			defaultConfigurationIsVisible = 0;
			defaultConfigurationName = Release;
		};
/* End XCConfigurationList section */

/* Begin XCVersionGroup section */
		B6B1D35D1EE27E1C00BCDD14 /* tableViewSample.xcdatamodeld */ = {
			isa = XCVersionGroup;
			children = (
				B6B1D35E1EE27E1C00BCDD14 /* tableViewSample.xcdatamodel */,
			);
			currentVersion = B6B1D35E1EE27E1C00BCDD14 /* tableViewSample.xcdatamodel */;
			path = tableViewSample.xcdatamodeld;
			sourceTree = "<group>";
			versionGroupType = wrapper.xcdatamodel;
		};
/* End XCVersionGroup section */
	};
	rootObject = B6B1D34B1EE27E1C00BCDD14 /* Project object */;
}
